github.com/vedranvuk/fs v0.0.2 h1:x59YBIZO24hHcMraV2gd2HwSoPHPyr5DWDZJ2bb4UjQ=
github.com/vedranvuk/fs v0.0.2/go.mod h1:o8U2XLbC7qMweqQsAmvUhvuuhvBOkBnxJBXZGgHJRJI=
github.com/vedranvuk/sortex v0.0.2 h1:71h33CwF/HutP6wk06uHELz6Ou2HEF+Sr48Lun5u5S4=
github.com/vedranvuk/sortex v0.0.2/go.mod h1:DTHb2Ygmn92VgutjLW2EHnTCSMvpl7XZt1bOSbOD4y0=
